hash: fe58ac4b11719786ab1a7b547ebbf5b3c79c5e689e0e71b84e5013c74bae2b06
updated: 2016-06-05T21:21:34.391127074+02:00
imports:
- name: github.com/jawher/mow.cli
  version: 772320464101e904cd51198160eb4d489be9cc49
- name: github.com/juju/loggo
  version: 0e0537f18a29c2f0a814dad75b1ccc577852538a
- name: github.com/juju/testing
  version: e71f328f50bbfc3bae5f0184760e7e151e4fca7f
  subpackages:
  - checkers
- name: github.com/labstack/gommon
  version: 2e62be24dbb1ceb226554aaccfe5a89ec71043b3
  subpackages:
  - log
  - color
- name: github.com/mattn/go-colorable
  version: bc69d6cebca8dd5675346a34a1c545b67dc74d5e
- name: github.com/mattn/go-isatty
  version: 56b76bdf51f7708750eac80fa38b952bb9f32639
- name: github.com/valyala/fasttemplate
  version: 3b874956e03f1636d171bda64b130f9135f42cff
- name: golang.org/x/sys
  version: b776ec39b3e54652e09028aaaaac9757f4f8211a
  subpackages:
  - unix
- name: gopkg.in/check.v1
  version: 4f90aeace3a26ad7021961c297b22c42160c7b25
devImports: []
