hash: 2c0b87ba2ec1a30707d9884b79ed952d64e47b49fb964990e0d1dadd6ef9c1fe
updated: 2016-06-06T13:40:57.517523169+02:00
imports:
- name: github.com/BurntSushi/toml
  version: f0aeabca5a127c4078abb8c8d64298b147264b55
- name: github.com/jawher/mow.cli
  version: 772320464101e904cd51198160eb4d489be9cc49
- name: github.com/juju/loggo
  version: 0e0537f18a29c2f0a814dad75b1ccc577852538a
- name: github.com/juju/testing
  version: e71f328f50bbfc3bae5f0184760e7e151e4fca7f
  subpackages:
  - checkers
- name: github.com/labstack/gommon
  version: 2e62be24dbb1ceb226554aaccfe5a89ec71043b3
  subpackages:
  - log
  - color
- name: github.com/mattn/go-colorable
  version: bc69d6cebca8dd5675346a34a1c545b67dc74d5e
- name: github.com/mattn/go-isatty
  version: 56b76bdf51f7708750eac80fa38b952bb9f32639
- name: github.com/valyala/fasttemplate
  version: 3b874956e03f1636d171bda64b130f9135f42cff
- name: golang.org/x/sys
  version: b776ec39b3e54652e09028aaaaac9757f4f8211a
  subpackages:
  - unix
- name: gopkg.in/check.v1
  version: 4f90aeace3a26ad7021961c297b22c42160c7b25
- name: gopkg.in/yaml.v2
  version: a83829b6f1293c91addabc89d0571c246397bbf4
devImports: []
